github.com/KKKZOZ/hugo-admonitions v0.8.0 h1:eZfVhwvbfjVIvLc1zmTlOOOr2bTpR/WA9KXaKHaq5ok=
github.com/KKKZOZ/hugo-admonitions v0.8.0/go.mod h1:4PsJAsqo3mS3VzAtDLa8k0ds+CJQUWZhAo9kLi1NRlM=
github.com/hugo-toha/toha/v4 v4.9.0 h1:FX5i3I7eP/lpAQZv4SjnKw5jw0aowCFBGjc+pW1W6PA=
github.com/hugo-toha/toha/v4 v4.9.0/go.mod h1:TU/6WXz7fJ3BSrTS+K/sVctzUMF4pB4ZwKWzFBFra8g=
